// !$*UTF8*$!
{
	archiveVersion = 1;
	classes = {
	};
	objectVersion = 51;
	objects = {

/* Begin PBXBuildFile section */
		25C9D66321C4CF4800FD2EDB /* SettingUser.storyboard in Resources */ = {isa = PBXBuildFile; fileRef = 25C9D66221C4CF4800FD2EDB /* SettingUser.storyboard */; };
		931582D1BFAC496BCDD1D5F1 /* Pods_ARPeople_iOS.framework in Frameworks */ = {isa = PBXBuildFile; fileRef = 74A84348CEC2DF5EF25D656A /* Pods_ARPeople_iOS.framework */; };
		B730FF4D21C5904C00768A6F /* UserShowViewController.swift in Sources */ = {isa = PBXBuildFile; fileRef = B730FF4C21C5904C00768A6F /* UserShowViewController.swift */; };
		B730FF4F21C5906300768A6F /* UserShow.storyboard in Resources */ = {isa = PBXBuildFile; fileRef = B730FF4E21C5906300768A6F /* UserShow.storyboard */; };
		B73B4FB221C56408009C13E5 /* UserView.swift in Sources */ = {isa = PBXBuildFile; fileRef = B73B4FB121C56408009C13E5 /* UserView.swift */; };
		B73B4FB421C5641C009C13E5 /* BaseNode.swift in Sources */ = {isa = PBXBuildFile; fileRef = B73B4FB321C5641C009C13E5 /* BaseNode.swift */; };
		B73B4FB621C566F2009C13E5 /* UIView+Extension.swift in Sources */ = {isa = PBXBuildFile; fileRef = B73B4FB521C566F2009C13E5 /* UIView+Extension.swift */; };
		B74301FB21C4AD77006572F1 /* Login.storyboard in Resources */ = {isa = PBXBuildFile; fileRef = B74301FA21C4AD77006572F1 /* Login.storyboard */; };
		B74301FD21C4AD8B006572F1 /* Register.storyboard in Resources */ = {isa = PBXBuildFile; fileRef = B74301FC21C4AD8B006572F1 /* Register.storyboard */; };
		B74301FF21C4AD95006572F1 /* RegisterViewController.swift in Sources */ = {isa = PBXBuildFile; fileRef = B74301FE21C4AD95006572F1 /* RegisterViewController.swift */; };
		B743020121C4AD9A006572F1 /* LoginViewController.swift in Sources */ = {isa = PBXBuildFile; fileRef = B743020021C4AD9A006572F1 /* LoginViewController.swift */; };
		B743020321C4ADAA006572F1 /* SettingUserViewController.swift in Sources */ = {isa = PBXBuildFile; fileRef = B743020221C4ADAA006572F1 /* SettingUserViewController.swift */; };
		B743020721C4ADBD006572F1 /* Home.storyboard in Resources */ = {isa = PBXBuildFile; fileRef = B743020621C4ADBD006572F1 /* Home.storyboard */; };
		B743020921C4ADCA006572F1 /* HomeViewController.swift in Sources */ = {isa = PBXBuildFile; fileRef = B743020821C4ADCA006572F1 /* HomeViewController.swift */; };
		B74EA2EF21C3A24000224050 /* AppDelegate.swift in Sources */ = {isa = PBXBuildFile; fileRef = B74EA2EE21C3A24000224050 /* AppDelegate.swift */; };
		B74EA2F621C3A24200224050 /* Assets.xcassets in Resources */ = {isa = PBXBuildFile; fileRef = B74EA2F521C3A24200224050 /* Assets.xcassets */; };
		B74EA2F921C3A24200224050 /* LaunchScreen.storyboard in Resources */ = {isa = PBXBuildFile; fileRef = B74EA2F721C3A24200224050 /* LaunchScreen.storyboard */; };
		B74EA30A21C3A2B700224050 /* AppColor.swift in Sources */ = {isa = PBXBuildFile; fileRef = B74EA30921C3A2B700224050 /* AppColor.swift */; };
		B74EA30C21C3A2C800224050 /* AppUser.swift in Sources */ = {isa = PBXBuildFile; fileRef = B74EA30B21C3A2C800224050 /* AppUser.swift */; };
		B74EA30E21C3A2EF00224050 /* UIColor+Hex.swift in Sources */ = {isa = PBXBuildFile; fileRef = B74EA30D21C3A2EF00224050 /* UIColor+Hex.swift */; };
		B7694E7621D0F0CA001181E6 /* UserAPI.swift in Sources */ = {isa = PBXBuildFile; fileRef = B7694E7521D0F0CA001181E6 /* UserAPI.swift */; };
		B7694E7821D0F9F7001181E6 /* ValidatorFactory.swift in Sources */ = {isa = PBXBuildFile; fileRef = B7694E7721D0F9F7001181E6 /* ValidatorFactory.swift */; };
		B7694E7A21D10678001181E6 /* Notification+Extension.swift in Sources */ = {isa = PBXBuildFile; fileRef = B7694E7921D10678001181E6 /* Notification+Extension.swift */; };
		B7694E7C21D121F2001181E6 /* AccessTokenModel.swift in Sources */ = {isa = PBXBuildFile; fileRef = B7694E7B21D121F2001181E6 /* AccessTokenModel.swift */; };
		B780945621C93CB9007B063F /* ValidationResult.swift in Sources */ = {isa = PBXBuildFile; fileRef = B780945521C93CB9007B063F /* ValidationResult.swift */; };
		B7DBF3ED21DCDF5B00ACB218 /* UserIndexTableViewCell.swift in Sources */ = {isa = PBXBuildFile; fileRef = B7DBF3EC21DCDF5B00ACB218 /* UserIndexTableViewCell.swift */; };
		B7DBF3F021DCDF6B00ACB218 /* UserIndex.xib in Resources */ = {isa = PBXBuildFile; fileRef = B7DBF3EF21DCDF6B00ACB218 /* UserIndex.xib */; };
		B7DBF3F421DCE39F00ACB218 /* TabBar.storyboard in Resources */ = {isa = PBXBuildFile; fileRef = B7DBF3F321DCE39F00ACB218 /* TabBar.storyboard */; };
		B7DBF3F621DCE42A00ACB218 /* Face.storyboard in Resources */ = {isa = PBXBuildFile; fileRef = B7DBF3F521DCE42A00ACB218 /* Face.storyboard */; };
		B7DBF3F921DE536D00ACB218 /* Alamofire.framework in Frameworks */ = {isa = PBXBuildFile; fileRef = B74301E921C4AC97006572F1 /* Alamofire.framework */; };
		B7DBF3FA21DE536D00ACB218 /* RxCocoa.framework in Frameworks */ = {isa = PBXBuildFile; fileRef = B74301EE21C4AC97006572F1 /* RxCocoa.framework */; };
		B7DBF3FB21DE536D00ACB218 /* RxSwift.framework in Frameworks */ = {isa = PBXBuildFile; fileRef = B74301EB21C4AC97006572F1 /* RxSwift.framework */; };
		B7DBF3FC21DE536D00ACB218 /* SnapKit.framework in Frameworks */ = {isa = PBXBuildFile; fileRef = B74301EC21C4AC97006572F1 /* SnapKit.framework */; };
		B7DBF3FD21DE536D00ACB218 /* SwiftyUserDefaults.framework in Frameworks */ = {isa = PBXBuildFile; fileRef = B74301EF21C4AC97006572F1 /* SwiftyUserDefaults.framework */; };
		B7DBF40121DE536D00ACB218 /* AlamofireImage.framework in Frameworks */ = {isa = PBXBuildFile; fileRef = B7DBF3FE21DE536D00ACB218 /* AlamofireImage.framework */; };
		B7DBF40221DE536D00ACB218 /* Device.framework in Frameworks */ = {isa = PBXBuildFile; fileRef = B7DBF3FF21DE536D00ACB218 /* Device.framework */; };
		B7DBF40321DE536D00ACB218 /* DKImagePickerController.framework in Frameworks */ = {isa = PBXBuildFile; fileRef = B7DBF40021DE536D00ACB218 /* DKImagePickerController.framework */; };
		B7DBF40621DE56AE00ACB218 /* DKCamera.framework in Frameworks */ = {isa = PBXBuildFile; fileRef = B7DBF40421DE56AE00ACB218 /* DKCamera.framework */; };
		B7DBF40721DE56AE00ACB218 /* DKPhotoGallery.framework in Frameworks */ = {isa = PBXBuildFile; fileRef = B7DBF40521DE56AE00ACB218 /* DKPhotoGallery.framework */; };
		B7DBF40921DE571300ACB218 /* CropViewController.framework in Frameworks */ = {isa = PBXBuildFile; fileRef = B7DBF40821DE571300ACB218 /* CropViewController.framework */; };
		B7DBF40A21DE57D800ACB218 /* SDWebImage.framework in Frameworks */ = {isa = PBXBuildFile; fileRef = B74301EA21C4AC97006572F1 /* SDWebImage.framework */; };
		B7DBF40C21DE5DC300ACB218 /* KeychainAccess.framework in Frameworks */ = {isa = PBXBuildFile; fileRef = B7DBF40B21DE5DC300ACB218 /* KeychainAccess.framework */; };
		B7DBF40F21DE5E5400ACB218 /* AppKeychain.swift in Sources */ = {isa = PBXBuildFile; fileRef = B7DBF40E21DE5E5400ACB218 /* AppKeychain.swift */; };
		B7DBF41121DE6CBA00ACB218 /* UIImageView+Extension.swift in Sources */ = {isa = PBXBuildFile; fileRef = B7DBF41021DE6CBA00ACB218 /* UIImageView+Extension.swift */; };
		B7DBF41421DE75F800ACB218 /* UserViewController.swift in Sources */ = {isa = PBXBuildFile; fileRef = B7DBF41321DE75F800ACB218 /* UserViewController.swift */; };
		B7DBF41721DE760B00ACB218 /* User.storyboard in Resources */ = {isa = PBXBuildFile; fileRef = B7DBF41621DE760B00ACB218 /* User.storyboard */; };
		B7DBF41B21DE949500ACB218 /* Setting.storyboard in Resources */ = {isa = PBXBuildFile; fileRef = B7DBF41A21DE949500ACB218 /* Setting.storyboard */; };
		B7DBF41D21DE94B900ACB218 /* SettingViewController.swift in Sources */ = {isa = PBXBuildFile; fileRef = B7DBF41C21DE94B900ACB218 /* SettingViewController.swift */; };
		B7E562E521C505A400F86BDC /* UserModel.swift in Sources */ = {isa = PBXBuildFile; fileRef = B7E562E421C505A400F86BDC /* UserModel.swift */; };
		B7E67F6621CFF2A700527DC5 /* .env in Resources */ = {isa = PBXBuildFile; fileRef = B7E67F6521CFF2A700527DC5 /* .env */; };
		B7E67F6A21CFF41800527DC5 /* .env.sample in Resources */ = {isa = PBXBuildFile; fileRef = B7E67F6921CFF41800527DC5 /* .env.sample */; };
		B7E67F6F21D0072C00527DC5 /* APIRequest.swift in Sources */ = {isa = PBXBuildFile; fileRef = B7E67F6E21D0072C00527DC5 /* APIRequest.swift */; };
		B7E67F7121D00A3B00527DC5 /* APIResult.swift in Sources */ = {isa = PBXBuildFile; fileRef = B7E67F7021D00A3B00527DC5 /* APIResult.swift */; };
		B7E67F7321D00A5800527DC5 /* APIClient.swift in Sources */ = {isa = PBXBuildFile; fileRef = B7E67F7221D00A5800527DC5 /* APIClient.swift */; };
		B7E67F9321D0CE3E00527DC5 /* BaseViewController.swift in Sources */ = {isa = PBXBuildFile; fileRef = B7E67F9221D0CE3E00527DC5 /* BaseViewController.swift */; };
		B7E67F9721D0EF1B00527DC5 /* UserRequest.swift in Sources */ = {isa = PBXBuildFile; fileRef = B7E67F9621D0EF1B00527DC5 /* UserRequest.swift */; };
/* End PBXBuildFile section */

/* Begin PBXFileReference section */
		25C9D66221C4CF4800FD2EDB /* SettingUser.storyboard */ = {isa = PBXFileReference; lastKnownFileType = file.storyboard; path = SettingUser.storyboard; sourceTree = "<group>"; };
		74A84348CEC2DF5EF25D656A /* Pods_ARPeople_iOS.framework */ = {isa = PBXFileReference; explicitFileType = wrapper.framework; includeInIndex = 0; path = Pods_ARPeople_iOS.framework; sourceTree = BUILT_PRODUCTS_DIR; };
		B730FF4C21C5904C00768A6F /* UserShowViewController.swift */ = {isa = PBXFileReference; lastKnownFileType = sourcecode.swift; path = UserShowViewController.swift; sourceTree = "<group>"; };
		B730FF4E21C5906300768A6F /* UserShow.storyboard */ = {isa = PBXFileReference; lastKnownFileType = file.storyboard; path = UserShow.storyboard; sourceTree = "<group>"; };
		B73B4FB121C56408009C13E5 /* UserView.swift */ = {isa = PBXFileReference; lastKnownFileType = sourcecode.swift; path = UserView.swift; sourceTree = "<group>"; };
		B73B4FB321C5641C009C13E5 /* BaseNode.swift */ = {isa = PBXFileReference; lastKnownFileType = sourcecode.swift; path = BaseNode.swift; sourceTree = "<group>"; };
		B73B4FB521C566F2009C13E5 /* UIView+Extension.swift */ = {isa = PBXFileReference; lastKnownFileType = sourcecode.swift; path = "UIView+Extension.swift"; sourceTree = "<group>"; };
		B74301E921C4AC97006572F1 /* Alamofire.framework */ = {isa = PBXFileReference; lastKnownFileType = wrapper.framework; name = Alamofire.framework; path = Carthage/Build/iOS/Alamofire.framework; sourceTree = "<group>"; };
		B74301EA21C4AC97006572F1 /* SDWebImage.framework */ = {isa = PBXFileReference; lastKnownFileType = wrapper.framework; name = SDWebImage.framework; path = Carthage/Build/iOS/SDWebImage.framework; sourceTree = "<group>"; };
		B74301EB21C4AC97006572F1 /* RxSwift.framework */ = {isa = PBXFileReference; lastKnownFileType = wrapper.framework; name = RxSwift.framework; path = Carthage/Build/iOS/RxSwift.framework; sourceTree = "<group>"; };
		B74301EC21C4AC97006572F1 /* SnapKit.framework */ = {isa = PBXFileReference; lastKnownFileType = wrapper.framework; name = SnapKit.framework; path = Carthage/Build/iOS/SnapKit.framework; sourceTree = "<group>"; };
		B74301ED21C4AC97006572F1 /* AMScrollingNavbar.framework */ = {isa = PBXFileReference; lastKnownFileType = wrapper.framework; name = AMScrollingNavbar.framework; path = Carthage/Build/iOS/AMScrollingNavbar.framework; sourceTree = "<group>"; };
		B74301EE21C4AC97006572F1 /* RxCocoa.framework */ = {isa = PBXFileReference; lastKnownFileType = wrapper.framework; name = RxCocoa.framework; path = Carthage/Build/iOS/RxCocoa.framework; sourceTree = "<group>"; };
		B74301EF21C4AC97006572F1 /* SwiftyUserDefaults.framework */ = {isa = PBXFileReference; lastKnownFileType = wrapper.framework; name = SwiftyUserDefaults.framework; path = Carthage/Build/iOS/SwiftyUserDefaults.framework; sourceTree = "<group>"; };
		B74301FA21C4AD77006572F1 /* Login.storyboard */ = {isa = PBXFileReference; lastKnownFileType = file.storyboard; path = Login.storyboard; sourceTree = "<group>"; };
		B74301FC21C4AD8B006572F1 /* Register.storyboard */ = {isa = PBXFileReference; lastKnownFileType = file.storyboard; path = Register.storyboard; sourceTree = "<group>"; };
		B74301FE21C4AD95006572F1 /* RegisterViewController.swift */ = {isa = PBXFileReference; lastKnownFileType = sourcecode.swift; path = RegisterViewController.swift; sourceTree = "<group>"; };
		B743020021C4AD9A006572F1 /* LoginViewController.swift */ = {isa = PBXFileReference; lastKnownFileType = sourcecode.swift; path = LoginViewController.swift; sourceTree = "<group>"; };
		B743020221C4ADAA006572F1 /* SettingUserViewController.swift */ = {isa = PBXFileReference; lastKnownFileType = sourcecode.swift; path = SettingUserViewController.swift; sourceTree = "<group>"; };
		B743020621C4ADBD006572F1 /* Home.storyboard */ = {isa = PBXFileReference; lastKnownFileType = file.storyboard; path = Home.storyboard; sourceTree = "<group>"; };
		B743020821C4ADCA006572F1 /* HomeViewController.swift */ = {isa = PBXFileReference; lastKnownFileType = sourcecode.swift; path = HomeViewController.swift; sourceTree = "<group>"; };
		B74EA2EB21C3A24000224050 /* ARPeople_iOS.app */ = {isa = PBXFileReference; explicitFileType = wrapper.application; includeInIndex = 0; path = ARPeople_iOS.app; sourceTree = BUILT_PRODUCTS_DIR; };
		B74EA2EE21C3A24000224050 /* AppDelegate.swift */ = {isa = PBXFileReference; lastKnownFileType = sourcecode.swift; path = AppDelegate.swift; sourceTree = "<group>"; };
		B74EA2F521C3A24200224050 /* Assets.xcassets */ = {isa = PBXFileReference; lastKnownFileType = folder.assetcatalog; path = Assets.xcassets; sourceTree = "<group>"; };
		B74EA2F821C3A24200224050 /* Base */ = {isa = PBXFileReference; lastKnownFileType = file.storyboard; name = Base; path = Base.lproj/LaunchScreen.storyboard; sourceTree = "<group>"; };
		B74EA2FA21C3A24200224050 /* Info.plist */ = {isa = PBXFileReference; lastKnownFileType = text.plist.xml; path = Info.plist; sourceTree = "<group>"; };
		B74EA30921C3A2B700224050 /* AppColor.swift */ = {isa = PBXFileReference; lastKnownFileType = sourcecode.swift; path = AppColor.swift; sourceTree = "<group>"; };
		B74EA30B21C3A2C800224050 /* AppUser.swift */ = {isa = PBXFileReference; lastKnownFileType = sourcecode.swift; path = AppUser.swift; sourceTree = "<group>"; };
		B74EA30D21C3A2EF00224050 /* UIColor+Hex.swift */ = {isa = PBXFileReference; lastKnownFileType = sourcecode.swift; path = "UIColor+Hex.swift"; sourceTree = "<group>"; };
		B7694E7521D0F0CA001181E6 /* UserAPI.swift */ = {isa = PBXFileReference; lastKnownFileType = sourcecode.swift; path = UserAPI.swift; sourceTree = "<group>"; };
		B7694E7721D0F9F7001181E6 /* ValidatorFactory.swift */ = {isa = PBXFileReference; lastKnownFileType = sourcecode.swift; path = ValidatorFactory.swift; sourceTree = "<group>"; };
		B7694E7921D10678001181E6 /* Notification+Extension.swift */ = {isa = PBXFileReference; lastKnownFileType = sourcecode.swift; path = "Notification+Extension.swift"; sourceTree = "<group>"; };
		B7694E7B21D121F2001181E6 /* AccessTokenModel.swift */ = {isa = PBXFileReference; lastKnownFileType = sourcecode.swift; path = AccessTokenModel.swift; sourceTree = "<group>"; };
		B780945521C93CB9007B063F /* ValidationResult.swift */ = {isa = PBXFileReference; lastKnownFileType = sourcecode.swift; path = ValidationResult.swift; sourceTree = "<group>"; };
		B7DBF3EC21DCDF5B00ACB218 /* UserIndexTableViewCell.swift */ = {isa = PBXFileReference; lastKnownFileType = sourcecode.swift; path = UserIndexTableViewCell.swift; sourceTree = "<group>"; };
		B7DBF3EF21DCDF6B00ACB218 /* UserIndex.xib */ = {isa = PBXFileReference; lastKnownFileType = file.xib; path = UserIndex.xib; sourceTree = "<group>"; };
		B7DBF3F321DCE39F00ACB218 /* TabBar.storyboard */ = {isa = PBXFileReference; lastKnownFileType = file.storyboard; path = TabBar.storyboard; sourceTree = "<group>"; };
		B7DBF3F521DCE42A00ACB218 /* Face.storyboard */ = {isa = PBXFileReference; lastKnownFileType = file.storyboard; path = Face.storyboard; sourceTree = "<group>"; };
		B7DBF3FE21DE536D00ACB218 /* AlamofireImage.framework */ = {isa = PBXFileReference; lastKnownFileType = wrapper.framework; name = AlamofireImage.framework; path = Carthage/Build/iOS/AlamofireImage.framework; sourceTree = "<group>"; };
		B7DBF3FF21DE536D00ACB218 /* Device.framework */ = {isa = PBXFileReference; lastKnownFileType = wrapper.framework; name = Device.framework; path = Carthage/Build/iOS/Device.framework; sourceTree = "<group>"; };
		B7DBF40021DE536D00ACB218 /* DKImagePickerController.framework */ = {isa = PBXFileReference; lastKnownFileType = wrapper.framework; name = DKImagePickerController.framework; path = Carthage/Build/iOS/DKImagePickerController.framework; sourceTree = "<group>"; };
		B7DBF40421DE56AE00ACB218 /* DKCamera.framework */ = {isa = PBXFileReference; lastKnownFileType = wrapper.framework; name = DKCamera.framework; path = Carthage/Build/iOS/DKCamera.framework; sourceTree = "<group>"; };
		B7DBF40521DE56AE00ACB218 /* DKPhotoGallery.framework */ = {isa = PBXFileReference; lastKnownFileType = wrapper.framework; name = DKPhotoGallery.framework; path = Carthage/Build/iOS/DKPhotoGallery.framework; sourceTree = "<group>"; };
		B7DBF40821DE571300ACB218 /* CropViewController.framework */ = {isa = PBXFileReference; lastKnownFileType = wrapper.framework; name = CropViewController.framework; path = Carthage/Build/iOS/CropViewController.framework; sourceTree = "<group>"; };
		B7DBF40B21DE5DC300ACB218 /* KeychainAccess.framework */ = {isa = PBXFileReference; lastKnownFileType = wrapper.framework; name = KeychainAccess.framework; path = Carthage/Build/iOS/KeychainAccess.framework; sourceTree = "<group>"; };
		B7DBF40E21DE5E5400ACB218 /* AppKeychain.swift */ = {isa = PBXFileReference; lastKnownFileType = sourcecode.swift; path = AppKeychain.swift; sourceTree = "<group>"; };
		B7DBF41021DE6CBA00ACB218 /* UIImageView+Extension.swift */ = {isa = PBXFileReference; lastKnownFileType = sourcecode.swift; path = "UIImageView+Extension.swift"; sourceTree = "<group>"; };
		B7DBF41321DE75F800ACB218 /* UserViewController.swift */ = {isa = PBXFileReference; lastKnownFileType = sourcecode.swift; path = UserViewController.swift; sourceTree = "<group>"; };
		B7DBF41621DE760B00ACB218 /* User.storyboard */ = {isa = PBXFileReference; lastKnownFileType = file.storyboard; path = User.storyboard; sourceTree = "<group>"; };
		B7DBF41A21DE949500ACB218 /* Setting.storyboard */ = {isa = PBXFileReference; lastKnownFileType = file.storyboard; path = Setting.storyboard; sourceTree = "<group>"; };
		B7DBF41C21DE94B900ACB218 /* SettingViewController.swift */ = {isa = PBXFileReference; lastKnownFileType = sourcecode.swift; path = SettingViewController.swift; sourceTree = "<group>"; };
		B7E562E421C505A400F86BDC /* UserModel.swift */ = {isa = PBXFileReference; lastKnownFileType = sourcecode.swift; path = UserModel.swift; sourceTree = "<group>"; };
		B7E67F6521CFF2A700527DC5 /* .env */ = {isa = PBXFileReference; lastKnownFileType = text; path = .env; sourceTree = "<group>"; };
		B7E67F6921CFF41800527DC5 /* .env.sample */ = {isa = PBXFileReference; lastKnownFileType = text; path = .env.sample; sourceTree = "<group>"; };
		B7E67F6E21D0072C00527DC5 /* APIRequest.swift */ = {isa = PBXFileReference; lastKnownFileType = sourcecode.swift; path = APIRequest.swift; sourceTree = "<group>"; };
		B7E67F7021D00A3B00527DC5 /* APIResult.swift */ = {isa = PBXFileReference; lastKnownFileType = sourcecode.swift; path = APIResult.swift; sourceTree = "<group>"; };
		B7E67F7221D00A5800527DC5 /* APIClient.swift */ = {isa = PBXFileReference; lastKnownFileType = sourcecode.swift; path = APIClient.swift; sourceTree = "<group>"; };
		B7E67F9221D0CE3E00527DC5 /* BaseViewController.swift */ = {isa = PBXFileReference; lastKnownFileType = sourcecode.swift; path = BaseViewController.swift; sourceTree = "<group>"; };
		B7E67F9621D0EF1B00527DC5 /* UserRequest.swift */ = {isa = PBXFileReference; lastKnownFileType = sourcecode.swift; path = UserRequest.swift; sourceTree = "<group>"; };
		BC961E217F437BE30CBD5419 /* Pods-ARPeople_iOS.debug.xcconfig */ = {isa = PBXFileReference; includeInIndex = 1; lastKnownFileType = text.xcconfig; name = "Pods-ARPeople_iOS.debug.xcconfig"; path = "Pods/Target Support Files/Pods-ARPeople_iOS/Pods-ARPeople_iOS.debug.xcconfig"; sourceTree = "<group>"; };
		C910CF4850881AF08677983D /* Pods-ARPeople_iOS.release.xcconfig */ = {isa = PBXFileReference; includeInIndex = 1; lastKnownFileType = text.xcconfig; name = "Pods-ARPeople_iOS.release.xcconfig"; path = "Pods/Target Support Files/Pods-ARPeople_iOS/Pods-ARPeople_iOS.release.xcconfig"; sourceTree = "<group>"; };
/* End PBXFileReference section */

/* Begin PBXFrameworksBuildPhase section */
		B74EA2E821C3A24000224050 /* Frameworks */ = {
			isa = PBXFrameworksBuildPhase;
			buildActionMask = 2147483647;
			files = (
				B7DBF40C21DE5DC300ACB218 /* KeychainAccess.framework in Frameworks */,
				B7DBF40A21DE57D800ACB218 /* SDWebImage.framework in Frameworks */,
				B7DBF40921DE571300ACB218 /* CropViewController.framework in Frameworks */,
				B7DBF40621DE56AE00ACB218 /* DKCamera.framework in Frameworks */,
				B7DBF40721DE56AE00ACB218 /* DKPhotoGallery.framework in Frameworks */,
				B7DBF40121DE536D00ACB218 /* AlamofireImage.framework in Frameworks */,
				B7DBF40221DE536D00ACB218 /* Device.framework in Frameworks */,
				B7DBF40321DE536D00ACB218 /* DKImagePickerController.framework in Frameworks */,
				B7DBF3F921DE536D00ACB218 /* Alamofire.framework in Frameworks */,
				B7DBF3FA21DE536D00ACB218 /* RxCocoa.framework in Frameworks */,
				B7DBF3FB21DE536D00ACB218 /* RxSwift.framework in Frameworks */,
				B7DBF3FC21DE536D00ACB218 /* SnapKit.framework in Frameworks */,
				B7DBF3FD21DE536D00ACB218 /* SwiftyUserDefaults.framework in Frameworks */,
				931582D1BFAC496BCDD1D5F1 /* Pods_ARPeople_iOS.framework in Frameworks */,
			);
			runOnlyForDeploymentPostprocessing = 0;
		};
/* End PBXFrameworksBuildPhase section */

/* Begin PBXGroup section */
		62664F08489092014B531C57 /* Pods */ = {
			isa = PBXGroup;
			children = (
				BC961E217F437BE30CBD5419 /* Pods-ARPeople_iOS.debug.xcconfig */,
				C910CF4850881AF08677983D /* Pods-ARPeople_iOS.release.xcconfig */,
			);
			name = Pods;
			sourceTree = "<group>";
		};
		B74301E821C4AC96006572F1 /* Frameworks */ = {
			isa = PBXGroup;
			children = (
				B7DBF40B21DE5DC300ACB218 /* KeychainAccess.framework */,
				B7DBF40821DE571300ACB218 /* CropViewController.framework */,
				B7DBF40421DE56AE00ACB218 /* DKCamera.framework */,
				B7DBF40521DE56AE00ACB218 /* DKPhotoGallery.framework */,
				B7DBF3FE21DE536D00ACB218 /* AlamofireImage.framework */,
				B7DBF3FF21DE536D00ACB218 /* Device.framework */,
				B7DBF40021DE536D00ACB218 /* DKImagePickerController.framework */,
				B74301E921C4AC97006572F1 /* Alamofire.framework */,
				B74301ED21C4AC97006572F1 /* AMScrollingNavbar.framework */,
				B74301EE21C4AC97006572F1 /* RxCocoa.framework */,
				B74301EB21C4AC97006572F1 /* RxSwift.framework */,
				B74301EA21C4AC97006572F1 /* SDWebImage.framework */,
				B74301EC21C4AC97006572F1 /* SnapKit.framework */,
				B74301EF21C4AC97006572F1 /* SwiftyUserDefaults.framework */,
				74A84348CEC2DF5EF25D656A /* Pods_ARPeople_iOS.framework */,
			);
			name = Frameworks;
			sourceTree = "<group>";
		};
		B743020421C4ADB1006572F1 /* Home */ = {
			isa = PBXGroup;
			children = (
				B743020621C4ADBD006572F1 /* Home.storyboard */,
				B730FF4E21C5906300768A6F /* UserShow.storyboard */,
				B7DBF3EE21DCDF6400ACB218 /* Xib */,
			);
			path = Home;
			sourceTree = "<group>";
		};
		B743020521C4ADB5006572F1 /* Home */ = {
			isa = PBXGroup;
			children = (
				B743020821C4ADCA006572F1 /* HomeViewController.swift */,
				B7DBF3EB21DCDF4400ACB218 /* Cell */,
			);
			name = Home;
			sourceTree = "<group>";
		};
		B74EA2E221C3A24000224050 = {
			isa = PBXGroup;
			children = (
				B74EA2ED21C3A24000224050 /* ARPeople_iOS */,
				B74EA2EC21C3A24000224050 /* Products */,
				B74301E821C4AC96006572F1 /* Frameworks */,
				62664F08489092014B531C57 /* Pods */,
			);
			sourceTree = "<group>";
		};
		B74EA2EC21C3A24000224050 /* Products */ = {
			isa = PBXGroup;
			children = (
				B74EA2EB21C3A24000224050 /* ARPeople_iOS.app */,
			);
			name = Products;
			sourceTree = "<group>";
		};
		B74EA2ED21C3A24000224050 /* ARPeople_iOS */ = {
			isa = PBXGroup;
			children = (
				B74EA30421C3A27200224050 /* Storyboard */,
				B74EA30321C3A26D00224050 /* Model */,
				B74EA30221C3A26900224050 /* View */,
				B74EA30121C3A26100224050 /* Extension */,
				B74EA30021C3A25C00224050 /* API */,
				B74EA2F521C3A24200224050 /* Assets.xcassets */,
				B74EA2F721C3A24200224050 /* LaunchScreen.storyboard */,
				B74EA2FA21C3A24200224050 /* Info.plist */,
				B7E67F6521CFF2A700527DC5 /* .env */,
				B7E67F6921CFF41800527DC5 /* .env.sample */,
			);
			path = ARPeople_iOS;
			sourceTree = "<group>";
		};
		B74EA30021C3A25C00224050 /* API */ = {
			isa = PBXGroup;
			children = (
				B7E67F6C21D0070D00527DC5 /* Request */,
				B7E67F7021D00A3B00527DC5 /* APIResult.swift */,
				B7E67F7221D00A5800527DC5 /* APIClient.swift */,
				B7694E7521D0F0CA001181E6 /* UserAPI.swift */,
			);
			name = API;
			sourceTree = "<group>";
		};
		B74EA30121C3A26100224050 /* Extension */ = {
			isa = PBXGroup;
			children = (
				B74EA30D21C3A2EF00224050 /* UIColor+Hex.swift */,
				B73B4FB521C566F2009C13E5 /* UIView+Extension.swift */,
				B780945521C93CB9007B063F /* ValidationResult.swift */,
				B7694E7721D0F9F7001181E6 /* ValidatorFactory.swift */,
				B7E67F9221D0CE3E00527DC5 /* BaseViewController.swift */,
				B7694E7921D10678001181E6 /* Notification+Extension.swift */,
				B7DBF41021DE6CBA00ACB218 /* UIImageView+Extension.swift */,
			);
			path = Extension;
			sourceTree = "<group>";
		};
		B74EA30221C3A26900224050 /* View */ = {
			isa = PBXGroup;
			children = (
				B7DBF41821DE947500ACB218 /* Setting */,
				B7DBF41221DE75E800ACB218 /* User */,
				B7DBF3F721DD1F6B00ACB218 /* Face */,
				B743020521C4ADB5006572F1 /* Home */,
				B74EA30621C3A29500224050 /* Main */,
				B74EA2EE21C3A24000224050 /* AppDelegate.swift */,
			);
			name = View;
			sourceTree = "<group>";
		};
		B74EA30321C3A26D00224050 /* Model */ = {
			isa = PBXGroup;
			children = (
				B7DBF40D21DE5E4100ACB218 /* App */,
				B7E562E421C505A400F86BDC /* UserModel.swift */,
				B7694E7B21D121F2001181E6 /* AccessTokenModel.swift */,
			);
			path = Model;
			sourceTree = "<group>";
		};
		B74EA30421C3A27200224050 /* Storyboard */ = {
			isa = PBXGroup;
			children = (
				B7DBF41921DE948400ACB218 /* Setting */,
				B7DBF41521DE760000ACB218 /* User */,
				B7DBF3F121DCE36900ACB218 /* Face */,
				B743020421C4ADB1006572F1 /* Home */,
				B74EA30521C3A29000224050 /* Main */,
				B7DBF3F321DCE39F00ACB218 /* TabBar.storyboard */,
			);
			name = Storyboard;
			sourceTree = "<group>";
		};
		B74EA30521C3A29000224050 /* Main */ = {
			isa = PBXGroup;
			children = (
				B74301FA21C4AD77006572F1 /* Login.storyboard */,
				B74301FC21C4AD8B006572F1 /* Register.storyboard */,
				25C9D66221C4CF4800FD2EDB /* SettingUser.storyboard */,
			);
			name = Main;
			sourceTree = "<group>";
		};
		B74EA30621C3A29500224050 /* Main */ = {
			isa = PBXGroup;
			children = (
				B743020021C4AD9A006572F1 /* LoginViewController.swift */,
				B74301FE21C4AD95006572F1 /* RegisterViewController.swift */,
				B743020221C4ADAA006572F1 /* SettingUserViewController.swift */,
			);
			path = Main;
			sourceTree = "<group>";
		};
		B7DBF3EB21DCDF4400ACB218 /* Cell */ = {
			isa = PBXGroup;
			children = (
				B7DBF3EC21DCDF5B00ACB218 /* UserIndexTableViewCell.swift */,
			);
			path = Cell;
			sourceTree = "<group>";
		};
		B7DBF3EE21DCDF6400ACB218 /* Xib */ = {
			isa = PBXGroup;
			children = (
				B7DBF3EF21DCDF6B00ACB218 /* UserIndex.xib */,
			);
			name = Xib;
			sourceTree = "<group>";
		};
		B7DBF3F121DCE36900ACB218 /* Face */ = {
			isa = PBXGroup;
			children = (
				B7DBF3F521DCE42A00ACB218 /* Face.storyboard */,
			);
			name = Face;
			sourceTree = "<group>";
		};
		B7DBF3F721DD1F6B00ACB218 /* Face */ = {
			isa = PBXGroup;
			children = (
				B730FF4C21C5904C00768A6F /* UserShowViewController.swift */,
				B73B4FB121C56408009C13E5 /* UserView.swift */,
				B73B4FB321C5641C009C13E5 /* BaseNode.swift */,
			);
			name = Face;
			sourceTree = "<group>";
		};
		B7DBF40D21DE5E4100ACB218 /* App */ = {
			isa = PBXGroup;
			children = (
				B7DBF40E21DE5E5400ACB218 /* AppKeychain.swift */,
				B74EA30921C3A2B700224050 /* AppColor.swift */,
				B74EA30B21C3A2C800224050 /* AppUser.swift */,
			);
			name = App;
			sourceTree = "<group>";
		};
		B7DBF41221DE75E800ACB218 /* User */ = {
			isa = PBXGroup;
			children = (
				B7DBF41321DE75F800ACB218 /* UserViewController.swift */,
			);
			path = User;
			sourceTree = "<group>";
		};
		B7DBF41521DE760000ACB218 /* User */ = {
			isa = PBXGroup;
			children = (
				B7DBF41621DE760B00ACB218 /* User.storyboard */,
			);
			name = User;
			path = U;
			sourceTree = "<group>";
		};
		B7DBF41821DE947500ACB218 /* Setting */ = {
			isa = PBXGroup;
			children = (
				B7DBF41C21DE94B900ACB218 /* SettingViewController.swift */,
			);
			name = Setting;
			sourceTree = "<group>";
		};
		B7DBF41921DE948400ACB218 /* Setting */ = {
			isa = PBXGroup;
			children = (
				B7DBF41A21DE949500ACB218 /* Setting.storyboard */,
			);
			name = Setting;
			sourceTree = "<group>";
		};
		B7E67F6C21D0070D00527DC5 /* Request */ = {
			isa = PBXGroup;
			children = (
				B7E67F6E21D0072C00527DC5 /* APIRequest.swift */,
				B7E67F9621D0EF1B00527DC5 /* UserRequest.swift */,
			);
			path = Request;
			sourceTree = "<group>";
		};
/* End PBXGroup section */

/* Begin PBXNativeTarget section */
		B74EA2EA21C3A24000224050 /* ARPeople_iOS */ = {
			isa = PBXNativeTarget;
			buildConfigurationList = B74EA2FD21C3A24200224050 /* Build configuration list for PBXNativeTarget "ARPeople_iOS" */;
			buildPhases = (
				8EB39026FD6031765C4E0D6F /* [CP] Check Pods Manifest.lock */,
				B74EA2E721C3A24000224050 /* Sources */,
				B74EA2E821C3A24000224050 /* Frameworks */,
				B74EA2E921C3A24000224050 /* Resources */,
				B7DBF3F821DE52B300ACB218 /* Carthage */,
			);
			buildRules = (
			);
			dependencies = (
			);
			name = ARPeople_iOS;
			productName = ARPeople_iOS;
			productReference = B74EA2EB21C3A24000224050 /* ARPeople_iOS.app */;
			productType = "com.apple.product-type.application";
		};
/* End PBXNativeTarget section */

/* Begin PBXProject section */
		B74EA2E321C3A24000224050 /* Project object */ = {
			isa = PBXProject;
			attributes = {
				LastSwiftUpdateCheck = 1010;
				LastUpgradeCheck = 1010;
				ORGANIZATIONNAME = tomoki;
				TargetAttributes = {
					B74EA2EA21C3A24000224050 = {
						CreatedOnToolsVersion = 10.1;
						SystemCapabilities = {
							com.apple.Keychain = {
								enabled = 1;
							};
						};
					};
				};
			};
			buildConfigurationList = B74EA2E621C3A24000224050 /* Build configuration list for PBXProject "ARPeople_iOS" */;
			compatibilityVersion = "Xcode 10.0";
			developmentRegion = en;
			hasScannedForEncodings = 0;
			knownRegions = (
				en,
				Base,
			);
			mainGroup = B74EA2E221C3A24000224050;
			productRefGroup = B74EA2EC21C3A24000224050 /* Products */;
			projectDirPath = "";
			projectRoot = "";
			targets = (
				B74EA2EA21C3A24000224050 /* ARPeople_iOS */,
			);
		};
/* End PBXProject section */

/* Begin PBXResourcesBuildPhase section */
		B74EA2E921C3A24000224050 /* Resources */ = {
			isa = PBXResourcesBuildPhase;
			buildActionMask = 2147483647;
			files = (
				B74301FB21C4AD77006572F1 /* Login.storyboard in Resources */,
				B7DBF3F421DCE39F00ACB218 /* TabBar.storyboard in Resources */,
				B730FF4F21C5906300768A6F /* UserShow.storyboard in Resources */,
				B74EA2F921C3A24200224050 /* LaunchScreen.storyboard in Resources */,
				B74EA2F621C3A24200224050 /* Assets.xcassets in Resources */,
				B7E67F6621CFF2A700527DC5 /* .env in Resources */,
				B7E67F6A21CFF41800527DC5 /* .env.sample in Resources */,
				B7DBF3F021DCDF6B00ACB218 /* UserIndex.xib in Resources */,
				B743020721C4ADBD006572F1 /* Home.storyboard in Resources */,
				B7DBF41B21DE949500ACB218 /* Setting.storyboard in Resources */,
				B7DBF3F621DCE42A00ACB218 /* Face.storyboard in Resources */,
				B74301FD21C4AD8B006572F1 /* Register.storyboard in Resources */,
				B7DBF41721DE760B00ACB218 /* User.storyboard in Resources */,
				25C9D66321C4CF4800FD2EDB /* SettingUser.storyboard in Resources */,
			);
			runOnlyForDeploymentPostprocessing = 0;
		};
/* End PBXResourcesBuildPhase section */

/* Begin PBXShellScriptBuildPhase section */
		8EB39026FD6031765C4E0D6F /* [CP] Check Pods Manifest.lock */ = {
			isa = PBXShellScriptBuildPhase;
			buildActionMask = 2147483647;
			files = (
			);
			inputFileListPaths = (
			);
			inputPaths = (
				"${PODS_PODFILE_DIR_PATH}/Podfile.lock",
				"${PODS_ROOT}/Manifest.lock",
			);
			name = "[CP] Check Pods Manifest.lock";
			outputFileListPaths = (
			);
			outputPaths = (
				"$(DERIVED_FILE_DIR)/Pods-ARPeople_iOS-checkManifestLockResult.txt",
			);
			runOnlyForDeploymentPostprocessing = 0;
			shellPath = /bin/sh;
			shellScript = "diff \"${PODS_PODFILE_DIR_PATH}/Podfile.lock\" \"${PODS_ROOT}/Manifest.lock\" > /dev/null\nif [ $? != 0 ] ; then\n    # print error to STDERR\n    echo \"error: The sandbox is not in sync with the Podfile.lock. Run 'pod install' or update your CocoaPods installation.\" >&2\n    exit 1\nfi\n# This output is used by Xcode 'outputs' to avoid re-running this script phase.\necho \"SUCCESS\" > \"${SCRIPT_OUTPUT_FILE_0}\"\n";
			showEnvVarsInLog = 0;
		};
		B7DBF3F821DE52B300ACB218 /* Carthage */ = {
			isa = PBXShellScriptBuildPhase;
			buildActionMask = 2147483647;
			files = (
			);
			inputFileListPaths = (
			);
			inputPaths = (
				"$(SRCROOT)/Carthage/Build/iOS/Alamofire.framework",
				"$(SRCROOT)/Carthage/Build/iOS/AlamofireImage.framework",
				"$(SRCROOT)/Carthage/Build/iOS/Device.framework",
				"$(SRCROOT)/Carthage/Build/iOS/DKImagePickerController.framework",
				"$(SRCROOT)/Carthage/Build/iOS/RxCocoa.framework",
				"$(SRCROOT)/Carthage/Build/iOS/RxSwift.framework",
				"$(SRCROOT)/Carthage/Build/iOS/SnapKit.framework",
				"$(SRCROOT)/Carthage/Build/iOS/SwiftyUserDefaults.framework",
				"$(SRCROOT)/Carthage/Build/iOS/DKCamera.framework",
				"$(SRCROOT)/Carthage/Build/iOS/DKPhotoGallery.framework",
				"$(SRCROOT)/Carthage/Build/iOS/CropViewController.framework",
				"$(SRCROOT)/Carthage/Build/iOS/SDWebImage.framework",
				"$(SRCROOT)/Carthage/Build/iOS/KeychainAccess.framework",
			);
			name = Carthage;
			outputFileListPaths = (
			);
			outputPaths = (
			);
			runOnlyForDeploymentPostprocessing = 0;
			shellPath = /bin/sh;
			shellScript = "/usr/local/bin/carthage copy-frameworks\n";
		};
/* End PBXShellScriptBuildPhase section */

/* Begin PBXSourcesBuildPhase section */
		B74EA2E721C3A24000224050 /* Sources */ = {
			isa = PBXSourcesBuildPhase;
			buildActionMask = 2147483647;
			files = (
				B73B4FB221C56408009C13E5 /* UserView.swift in Sources */,
				B7DBF41421DE75F800ACB218 /* UserViewController.swift in Sources */,
				B7DBF40F21DE5E5400ACB218 /* AppKeychain.swift in Sources */,
				B7DBF41121DE6CBA00ACB218 /* UIImageView+Extension.swift in Sources */,
				B7DBF3ED21DCDF5B00ACB218 /* UserIndexTableViewCell.swift in Sources */,
				B73B4FB621C566F2009C13E5 /* UIView+Extension.swift in Sources */,
				B743020121C4AD9A006572F1 /* LoginViewController.swift in Sources */,
				B73B4FB421C5641C009C13E5 /* BaseNode.swift in Sources */,
				B7E67F9321D0CE3E00527DC5 /* BaseViewController.swift in Sources */,
				B730FF4D21C5904C00768A6F /* UserShowViewController.swift in Sources */,
				B7E67F7321D00A5800527DC5 /* APIClient.swift in Sources */,
				B74EA30C21C3A2C800224050 /* AppUser.swift in Sources */,
				B74301FF21C4AD95006572F1 /* RegisterViewController.swift in Sources */,
				B743020921C4ADCA006572F1 /* HomeViewController.swift in Sources */,
				B7E67F7121D00A3B00527DC5 /* APIResult.swift in Sources */,
				B74EA2EF21C3A24000224050 /* AppDelegate.swift in Sources */,
				B7694E7821D0F9F7001181E6 /* ValidatorFactory.swift in Sources */,
				B7694E7A21D10678001181E6 /* Notification+Extension.swift in Sources */,
				B7694E7621D0F0CA001181E6 /* UserAPI.swift in Sources */,
				B7DBF41D21DE94B900ACB218 /* SettingViewController.swift in Sources */,
				B7E562E521C505A400F86BDC /* UserModel.swift in Sources */,
				B7694E7C21D121F2001181E6 /* AccessTokenModel.swift in Sources */,
				B74EA30A21C3A2B700224050 /* AppColor.swift in Sources */,
				B74EA30E21C3A2EF00224050 /* UIColor+Hex.swift in Sources */,
				B7E67F6F21D0072C00527DC5 /* APIRequest.swift in Sources */,
				B780945621C93CB9007B063F /* ValidationResult.swift in Sources */,
				B743020321C4ADAA006572F1 /* SettingUserViewController.swift in Sources */,
				B7E67F9721D0EF1B00527DC5 /* UserRequest.swift in Sources */,
			);
			runOnlyForDeploymentPostprocessing = 0;
		};
/* End PBXSourcesBuildPhase section */

/* Begin PBXVariantGroup section */
		B74EA2F721C3A24200224050 /* LaunchScreen.storyboard */ = {
			isa = PBXVariantGroup;
			children = (
				B74EA2F821C3A24200224050 /* Base */,
			);
			name = LaunchScreen.storyboard;
			sourceTree = "<group>";
		};
/* End PBXVariantGroup section */

/* Begin XCBuildConfiguration section */
		B74EA2FB21C3A24200224050 /* Debug */ = {
			isa = XCBuildConfiguration;
			buildSettings = {
				ALWAYS_SEARCH_USER_PATHS = NO;
				CLANG_ANALYZER_NONNULL = YES;
				CLANG_ANALYZER_NUMBER_OBJECT_CONVERSION = YES_AGGRESSIVE;
				CLANG_CXX_LANGUAGE_STANDARD = "gnu++14";
				CLANG_CXX_LIBRARY = "libc++";
				CLANG_ENABLE_MODULES = YES;
				CLANG_ENABLE_OBJC_ARC = YES;
				CLANG_ENABLE_OBJC_WEAK = YES;
				CLANG_WARN_BLOCK_CAPTURE_AUTORELEASING = YES;
				CLANG_WARN_BOOL_CONVERSION = YES;
				CLANG_WARN_COMMA = YES;
				CLANG_WARN_CONSTANT_CONVERSION = YES;
				CLANG_WARN_DEPRECATED_OBJC_IMPLEMENTATIONS = YES;
				CLANG_WARN_DIRECT_OBJC_ISA_USAGE = YES_ERROR;
				CLANG_WARN_DOCUMENTATION_COMMENTS = YES;
				CLANG_WARN_EMPTY_BODY = YES;
				CLANG_WARN_ENUM_CONVERSION = YES;
				CLANG_WARN_INFINITE_RECURSION = YES;
				CLANG_WARN_INT_CONVERSION = YES;
				CLANG_WARN_NON_LITERAL_NULL_CONVERSION = YES;
				CLANG_WARN_OBJC_IMPLICIT_RETAIN_SELF = YES;
				CLANG_WARN_OBJC_LITERAL_CONVERSION = YES;
				CLANG_WARN_OBJC_ROOT_CLASS = YES_ERROR;
				CLANG_WARN_RANGE_LOOP_ANALYSIS = YES;
				CLANG_WARN_STRICT_PROTOTYPES = YES;
				CLANG_WARN_SUSPICIOUS_MOVE = YES;
				CLANG_WARN_UNGUARDED_AVAILABILITY = YES_AGGRESSIVE;
				CLANG_WARN_UNREACHABLE_CODE = YES;
				CLANG_WARN__DUPLICATE_METHOD_MATCH = YES;
				CODE_SIGN_IDENTITY = "iPhone Developer";
				COPY_PHASE_STRIP = NO;
				DEBUG_INFORMATION_FORMAT = dwarf;
				ENABLE_STRICT_OBJC_MSGSEND = YES;
				ENABLE_TESTABILITY = YES;
				GCC_C_LANGUAGE_STANDARD = gnu11;
				GCC_DYNAMIC_NO_PIC = NO;
				GCC_NO_COMMON_BLOCKS = YES;
				GCC_OPTIMIZATION_LEVEL = 0;
				GCC_PREPROCESSOR_DEFINITIONS = (
					"DEBUG=1",
					"$(inherited)",
				);
				GCC_WARN_64_TO_32_BIT_CONVERSION = YES;
				GCC_WARN_ABOUT_RETURN_TYPE = YES_ERROR;
				GCC_WARN_UNDECLARED_SELECTOR = YES;
				GCC_WARN_UNINITIALIZED_AUTOS = YES_AGGRESSIVE;
				GCC_WARN_UNUSED_FUNCTION = YES;
				GCC_WARN_UNUSED_VARIABLE = YES;
				IPHONEOS_DEPLOYMENT_TARGET = 12.1;
				MTL_ENABLE_DEBUG_INFO = INCLUDE_SOURCE;
				MTL_FAST_MATH = YES;
				ONLY_ACTIVE_ARCH = YES;
				SDKROOT = iphoneos;
				SWIFT_ACTIVE_COMPILATION_CONDITIONS = DEBUG;
				SWIFT_OPTIMIZATION_LEVEL = "-Onone";
			};
			name = Debug;
		};
		B74EA2FC21C3A24200224050 /* Release */ = {
			isa = XCBuildConfiguration;
			buildSettings = {
				ALWAYS_SEARCH_USER_PATHS = NO;
				CLANG_ANALYZER_NONNULL = YES;
				CLANG_ANALYZER_NUMBER_OBJECT_CONVERSION = YES_AGGRESSIVE;
				CLANG_CXX_LANGUAGE_STANDARD = "gnu++14";
				CLANG_CXX_LIBRARY = "libc++";
				CLANG_ENABLE_MODULES = YES;
				CLANG_ENABLE_OBJC_ARC = YES;
				CLANG_ENABLE_OBJC_WEAK = YES;
				CLANG_WARN_BLOCK_CAPTURE_AUTORELEASING = YES;
				CLANG_WARN_BOOL_CONVERSION = YES;
				CLANG_WARN_COMMA = YES;
				CLANG_WARN_CONSTANT_CONVERSION = YES;
				CLANG_WARN_DEPRECATED_OBJC_IMPLEMENTATIONS = YES;
				CLANG_WARN_DIRECT_OBJC_ISA_USAGE = YES_ERROR;
				CLANG_WARN_DOCUMENTATION_COMMENTS = YES;
				CLANG_WARN_EMPTY_BODY = YES;
				CLANG_WARN_ENUM_CONVERSION = YES;
				CLANG_WARN_INFINITE_RECURSION = YES;
				CLANG_WARN_INT_CONVERSION = YES;
				CLANG_WARN_NON_LITERAL_NULL_CONVERSION = YES;
				CLANG_WARN_OBJC_IMPLICIT_RETAIN_SELF = YES;
				CLANG_WARN_OBJC_LITERAL_CONVERSION = YES;
				CLANG_WARN_OBJC_ROOT_CLASS = YES_ERROR;
				CLANG_WARN_RANGE_LOOP_ANALYSIS = YES;
				CLANG_WARN_STRICT_PROTOTYPES = YES;
				CLANG_WARN_SUSPICIOUS_MOVE = YES;
				CLANG_WARN_UNGUARDED_AVAILABILITY = YES_AGGRESSIVE;
				CLANG_WARN_UNREACHABLE_CODE = YES;
				CLANG_WARN__DUPLICATE_METHOD_MATCH = YES;
				CODE_SIGN_IDENTITY = "iPhone Developer";
				COPY_PHASE_STRIP = NO;
				DEBUG_INFORMATION_FORMAT = "dwarf-with-dsym";
				ENABLE_NS_ASSERTIONS = NO;
				ENABLE_STRICT_OBJC_MSGSEND = YES;
				GCC_C_LANGUAGE_STANDARD = gnu11;
				GCC_NO_COMMON_BLOCKS = YES;
				GCC_WARN_64_TO_32_BIT_CONVERSION = YES;
				GCC_WARN_ABOUT_RETURN_TYPE = YES_ERROR;
				GCC_WARN_UNDECLARED_SELECTOR = YES;
				GCC_WARN_UNINITIALIZED_AUTOS = YES_AGGRESSIVE;
				GCC_WARN_UNUSED_FUNCTION = YES;
				GCC_WARN_UNUSED_VARIABLE = YES;
				IPHONEOS_DEPLOYMENT_TARGET = 12.1;
				MTL_ENABLE_DEBUG_INFO = NO;
				MTL_FAST_MATH = YES;
				SDKROOT = iphoneos;
				SWIFT_COMPILATION_MODE = wholemodule;
				SWIFT_OPTIMIZATION_LEVEL = "-O";
				VALIDATE_PRODUCT = YES;
			};
			name = Release;
		};
		B74EA2FE21C3A24200224050 /* Debug */ = {
			isa = XCBuildConfiguration;
			baseConfigurationReference = BC961E217F437BE30CBD5419 /* Pods-ARPeople_iOS.debug.xcconfig */;
			buildSettings = {
				ASSETCATALOG_COMPILER_APPICON_NAME = AppIcon;
				CODE_SIGN_ENTITLEMENTS = ARPeople_iOS/ARPeople_iOS.entitlements;
				CODE_SIGN_STYLE = Automatic;
				DEVELOPMENT_TEAM = FJMPLD4D4X;
				ENABLE_BITCODE = YES;
				FRAMEWORK_SEARCH_PATHS = (
					"$(inherited)",
					"$(PROJECT_DIR)/Carthage/Build/iOS",
				);
				INFOPLIST_FILE = ARPeople_iOS/Info.plist;
				IPHONEOS_DEPLOYMENT_TARGET = 11.0;
				LD_RUNPATH_SEARCH_PATHS = (
					"$(inherited)",
					"@executable_path/Frameworks",
				);
				PRODUCT_BUNDLE_IDENTIFIER = "com.tomoki.ARPeople-iOS";
				PRODUCT_NAME = "$(TARGET_NAME)";
				SWIFT_VERSION = 4.2;
				TARGETED_DEVICE_FAMILY = "1,2";
			};
			name = Debug;
		};
		B74EA2FF21C3A24200224050 /* Release */ = {
			isa = XCBuildConfiguration;
			baseConfigurationReference = C910CF4850881AF08677983D /* Pods-ARPeople_iOS.release.xcconfig */;
			buildSettings = {
				ASSETCATALOG_COMPILER_APPICON_NAME = AppIcon;
				CODE_SIGN_ENTITLEMENTS = ARPeople_iOS/ARPeople_iOS.entitlements;
				CODE_SIGN_STYLE = Automatic;
				DEVELOPMENT_TEAM = FJMPLD4D4X;
				ENABLE_BITCODE = YES;
				FRAMEWORK_SEARCH_PATHS = (
					"$(inherited)",
					"$(PROJECT_DIR)/Carthage/Build/iOS",
				);
				INFOPLIST_FILE = ARPeople_iOS/Info.plist;
				IPHONEOS_DEPLOYMENT_TARGET = 11.0;
				LD_RUNPATH_SEARCH_PATHS = (
					"$(inherited)",
					"@executable_path/Frameworks",
				);
				PRODUCT_BUNDLE_IDENTIFIER = "com.tomoki.ARPeople-iOS";
				PRODUCT_NAME = "$(TARGET_NAME)";
				SWIFT_VERSION = 4.2;
				TARGETED_DEVICE_FAMILY = "1,2";
			};
			name = Release;
		};
/* End XCBuildConfiguration section */

/* Begin XCConfigurationList section */
		B74EA2E621C3A24000224050 /* Build configuration list for PBXProject "ARPeople_iOS" */ = {
			isa = XCConfigurationList;
			buildConfigurations = (
				B74EA2FB21C3A24200224050 /* Debug */,
				B74EA2FC21C3A24200224050 /* Release */,
			);
			defaultConfigurationIsVisible = 0;
			defaultConfigurationName = Release;
		};
		B74EA2FD21C3A24200224050 /* Build configuration list for PBXNativeTarget "ARPeople_iOS" */ = {
			isa = XCConfigurationList;
			buildConfigurations = (
				B74EA2FE21C3A24200224050 /* Debug */,
				B74EA2FF21C3A24200224050 /* Release */,
			);
			defaultConfigurationIsVisible = 0;
			defaultConfigurationName = Release;
		};
/* End XCConfigurationList section */
	};
	rootObject = B74EA2E321C3A24000224050 /* Project object */;
}
